
Microsoft Visual Studio Solution File, Format Version 12.00
# Visual Studio Version 17
VisualStudioVersion = 17.2.32616.157
MinimumVisualStudioVersion = 10.0.40219.1
Project("{FAE04EC0-301F-11D3-BF4B-00C04F79EFBC}") = "LifetimeService", "LifetimeService\LifetimeService.csproj", "{715955DA-C6B7-471C-9DEC-99EF36B49345}"
EndProject
Global
	GlobalSection(SolutionConfigurationPlatforms) = preSolution
		Debug|Any CPU = Debug|Any CPU
		Release|Any CPU = Release|Any CPU
	EndGlobalSection
	GlobalSection(ProjectConfigurationPlatforms) = postSolution
		{715955DA-C6B7-471C-9DEC-99EF36B49345}.Debug|Any CPU.ActiveCfg = Debug|Any CPU
		{715955DA-C6B7-471C-9DEC-99EF36B49345}.Debug|Any CPU.Build.0 = Debug|Any CPU
		{715955DA-C6B7-471C-9DEC-99EF36B49345}.Release|Any CPU.ActiveCfg = Release|Any CPU
		{715955DA-C6B7-471C-9DEC-99EF36B49345}.Release|Any CPU.Build.0 = Release|Any CPU
	EndGlobalSection
	GlobalSection(SolutionProperties) = preSolution
		HideSolutionNode = FALSE
	EndGlobalSection
	GlobalSection(ExtensibilityGlobals) = postSolution
		SolutionGuid = {C797D3C7-0A32-483E-81C1-274F8DCED407}
	EndGlobalSection
EndGlobal
